
Microsoft Visual Studio Solution File, Format Version 12.00
# Visual Studio 15
VisualStudioVersion = 15.0.27428.2011
MinimumVisualStudioVersion = 10.0.40219.1
Project("{FAE04EC0-301F-11D3-BF4B-00C04F79EFBC}") = "StarWars", "StarWars\StarWars.csproj", "{95E6D9BF-64D0-4AFB-954A-D9FC92AF48F9}"
EndProject
Project("{E53339B2-1760-4266-BCC7-CA923CBCF16C}") = "docker-compose", "docker-compose.dcproj", "{172F5063-81EA-4ADF-A61E-C5EB395FDE0B}"
EndProject
Global
	GlobalSection(SolutionConfigurationPlatforms) = preSolution
		Debug|Any CPU = Debug|Any CPU
		Release|Any CPU = Release|Any CPU
	EndGlobalSection
	GlobalSection(ProjectConfigurationPlatforms) = postSolution
		{95E6D9BF-64D0-4AFB-954A-D9FC92AF48F9}.Debug|Any CPU.ActiveCfg = Debug|Any CPU
		{95E6D9BF-64D0-4AFB-954A-D9FC92AF48F9}.Debug|Any CPU.Build.0 = Debug|Any CPU
		{95E6D9BF-64D0-4AFB-954A-D9FC92AF48F9}.Release|Any CPU.ActiveCfg = Release|Any CPU
		{95E6D9BF-64D0-4AFB-954A-D9FC92AF48F9}.Release|Any CPU.Build.0 = Release|Any CPU
		{172F5063-81EA-4ADF-A61E-C5EB395FDE0B}.Debug|Any CPU.ActiveCfg = Debug|Any CPU
		{172F5063-81EA-4ADF-A61E-C5EB395FDE0B}.Debug|Any CPU.Build.0 = Debug|Any CPU
		{172F5063-81EA-4ADF-A61E-C5EB395FDE0B}.Release|Any CPU.ActiveCfg = Release|Any CPU
		{172F5063-81EA-4ADF-A61E-C5EB395FDE0B}.Release|Any CPU.Build.0 = Release|Any CPU
	EndGlobalSection
	GlobalSection(SolutionProperties) = preSolution
		HideSolutionNode = FALSE
	EndGlobalSection
	GlobalSection(ExtensibilityGlobals) = postSolution
		SolutionGuid = {0E3E535B-7904-4134-AE69-ACBDD9D81821}
	EndGlobalSection
EndGlobal
